
Microsoft Visual Studio Solution File, Format Version 12.00
# Visual Studio Version 17
VisualStudioVersion = 17.9.34902.65
MinimumVisualStudioVersion = 10.0.40219.1
Project("{9A19103F-16F7-4668-BE54-9A1E7A4F7556}") = "LinkShortener", "LinkReducer\LinkShortener.csproj", "{5264CE57-3A4A-4BAC-9E21-A9D5DA52DE60}"
EndProject
Project("{FAE04EC0-301F-11D3-BF4B-00C04F79EFBC}") = "LinkShortener.Tests", "LinkShortener.Tests\LinkShortener.Tests.csproj", "{8451F533-F47C-43B5-9C6E-68402AC518C1}"
EndProject
Global
	GlobalSection(SolutionConfigurationPlatforms) = preSolution
		Debug|Any CPU = Debug|Any CPU
		Release|Any CPU = Release|Any CPU
	EndGlobalSection
	GlobalSection(ProjectConfigurationPlatforms) = postSolution
		{5264CE57-3A4A-4BAC-9E21-A9D5DA52DE60}.Debug|Any CPU.ActiveCfg = Debug|Any CPU
		{5264CE57-3A4A-4BAC-9E21-A9D5DA52DE60}.Debug|Any CPU.Build.0 = Debug|Any CPU
		{5264CE57-3A4A-4BAC-9E21-A9D5DA52DE60}.Release|Any CPU.ActiveCfg = Release|Any CPU
		{5264CE57-3A4A-4BAC-9E21-A9D5DA52DE60}.Release|Any CPU.Build.0 = Release|Any CPU
		{8451F533-F47C-43B5-9C6E-68402AC518C1}.Debug|Any CPU.ActiveCfg = Debug|Any CPU
		{8451F533-F47C-43B5-9C6E-68402AC518C1}.Debug|Any CPU.Build.0 = Debug|Any CPU
		{8451F533-F47C-43B5-9C6E-68402AC518C1}.Release|Any CPU.ActiveCfg = Release|Any CPU
		{8451F533-F47C-43B5-9C6E-68402AC518C1}.Release|Any CPU.Build.0 = Release|Any CPU
	EndGlobalSection
	GlobalSection(SolutionProperties) = preSolution
		HideSolutionNode = FALSE
	EndGlobalSection
	GlobalSection(ExtensibilityGlobals) = postSolution
		SolutionGuid = {C3479EC4-E2E7-4451-B4D7-5BE5F94A4BDA}
	EndGlobalSection
EndGlobal
